
Microsoft Visual Studio Solution File, Format Version 12.00
# Visual Studio Version 16
VisualStudioVersion = 16.0.29318.209
MinimumVisualStudioVersion = 10.0.40219.1
Project("{2150E333-8FDC-42A3-9474-1A3956D46DE8}") = "Solution Items", "Solution Items", "{87ADF0E0-4844-492A-95E2-759301A1001B}"
	ProjectSection(SolutionItems) = preProject
		LICENSE = LICENSE
		README.md = README.md
	EndProjectSection
EndProject
Project("{2150E333-8FDC-42A3-9474-1A3956D46DE8}") = "src", "src", "{0FB7B40F-8C72-4D90-AD20-1CDBC429AB29}"
EndProject
Project("{2150E333-8FDC-42A3-9474-1A3956D46DE8}") = "test", "test", "{2C33BEFD-7873-4046-8D05-5D87C5F5CEC6}"
EndProject
Project("{9A19103F-16F7-4668-BE54-9A1E7A4F7556}") = "TypeKitchen", "src\TypeKitchen\TypeKitchen.csproj", "{93CEAF73-691F-409E-B06C-DFEB2FA74776}"
EndProject
Project("{9A19103F-16F7-4668-BE54-9A1E7A4F7556}") = "TypeKitchen.Benchmarks", "test\TypeKitchen.Benchmarks\TypeKitchen.Benchmarks.csproj", "{62B5A476-463C-4B79-A712-80C237F6A81A}"
EndProject
Project("{9A19103F-16F7-4668-BE54-9A1E7A4F7556}") = "TypeKitchen.Tests", "test\TypeKitchen.Tests\TypeKitchen.Tests.csproj", "{BA1B7B7B-D738-4EFE-8FCC-17E89D83E05D}"
EndProject
Project("{2150E333-8FDC-42A3-9474-1A3956D46DE8}") = "build", "build", "{935C07AD-0FEA-4E89-9427-43A812718D4C}"
	ProjectSection(SolutionItems) = preProject
		build\build.props = build\build.props
		build\package.props = build\package.props
	EndProjectSection
EndProject
Project("{9A19103F-16F7-4668-BE54-9A1E7A4F7556}") = "ExternalTestAssembly", "test\ExternalTestAssembly\ExternalTestAssembly.csproj", "{0BBACDD2-B6BA-4B4D-9908-F5C8C66A644F}"
EndProject
Project("{9A19103F-16F7-4668-BE54-9A1E7A4F7556}") = "TypeKitchen.Languages", "src\TypeKitchen.Languages\TypeKitchen.Languages.csproj", "{8BE8A1C5-C8E4-43E2-8747-60EF38AC436A}"
EndProject
Project("{9A19103F-16F7-4668-BE54-9A1E7A4F7556}") = "TypeKitchen.Serialization", "src\TypeKitchen.Serialization\TypeKitchen.Serialization.csproj", "{15EEEC49-2FD1-4D87-8E02-2DFB626A72B3}"
EndProject
Project("{9A19103F-16F7-4668-BE54-9A1E7A4F7556}") = "TypeKitchen.StateMachine", "src\TypeKitchen.StateMachine\TypeKitchen.StateMachine.csproj", "{F2E96E1F-67EC-4142-8FA6-407D8AB2BD3B}"
EndProject
Project("{FAE04EC0-301F-11D3-BF4B-00C04F79EFBC}") = "TypeKitchen.BuildHash", "src\TypeKitchen.BuildHash\TypeKitchen.BuildHash.csproj", "{3E7FE0AE-57C5-43F9-A3EF-B0913923A8AF}"
EndProject
Project("{9A19103F-16F7-4668-BE54-9A1E7A4F7556}") = "TypeKitchen.ValueHash", "src\TypeKitchen.ValueHash\TypeKitchen.ValueHash.csproj", "{12A774C1-651F-4A85-B490-F5F3F94EB556}"
EndProject
Project("{FAE04EC0-301F-11D3-BF4B-00C04F79EFBC}") = "TypeKitchen.Composition", "src\TypeKitchen.Composition\TypeKitchen.Composition.csproj", "{A6BDAC81-71A4-4980-81E1-888EA3F364EE}"
EndProject
Project("{FAE04EC0-301F-11D3-BF4B-00C04F79EFBC}") = "TypeKitchen.Metadata", "src\TypeKitchen.Metadata\TypeKitchen.Metadata.csproj", "{719D041C-05BF-459B-9EEF-33F5D8AB38DA}"
EndProject
Project("{FAE04EC0-301F-11D3-BF4B-00C04F79EFBC}") = "TypeKitchen.Scripting", "src\TypeKitchen.Scripting\TypeKitchen.Scripting.csproj", "{D13D02B7-9E6F-4C23-B2C3-9DD4028AB27F}"
EndProject
Project("{FAE04EC0-301F-11D3-BF4B-00C04F79EFBC}") = "TypeKitchen.CacheLine", "src\TypeKitchen.CacheLine\TypeKitchen.CacheLine.csproj", "{27FA65A5-1EB3-4BA0-A406-1C3C064861DB}"
EndProject
Project("{2150E333-8FDC-42A3-9474-1A3956D46DE8}") = "pub", "pub", "{5A844C15-C870-4D8F-A08C-DC19687A327C}"
EndProject
Global
	GlobalSection(SolutionConfigurationPlatforms) = preSolution
		Debug|Any CPU = Debug|Any CPU
		Debug|x64 = Debug|x64
		Package|Any CPU = Package|Any CPU
		Package|x64 = Package|x64
		Release|Any CPU = Release|Any CPU
		Release|x64 = Release|x64
	EndGlobalSection
	GlobalSection(ProjectConfigurationPlatforms) = postSolution
		{93CEAF73-691F-409E-B06C-DFEB2FA74776}.Debug|Any CPU.ActiveCfg = Debug|Any CPU
		{93CEAF73-691F-409E-B06C-DFEB2FA74776}.Debug|Any CPU.Build.0 = Debug|Any CPU
		{93CEAF73-691F-409E-B06C-DFEB2FA74776}.Debug|x64.ActiveCfg = Debug|Any CPU
		{93CEAF73-691F-409E-B06C-DFEB2FA74776}.Debug|x64.Build.0 = Debug|Any CPU
		{93CEAF73-691F-409E-B06C-DFEB2FA74776}.Package|Any CPU.ActiveCfg = Package|Any CPU
		{93CEAF73-691F-409E-B06C-DFEB2FA74776}.Package|Any CPU.Build.0 = Package|Any CPU
		{93CEAF73-691F-409E-B06C-DFEB2FA74776}.Package|x64.ActiveCfg = Package|Any CPU
		{93CEAF73-691F-409E-B06C-DFEB2FA74776}.Package|x64.Build.0 = Package|Any CPU
		{93CEAF73-691F-409E-B06C-DFEB2FA74776}.Release|Any CPU.ActiveCfg = Release|Any CPU
		{93CEAF73-691F-409E-B06C-DFEB2FA74776}.Release|Any CPU.Build.0 = Release|Any CPU
		{93CEAF73-691F-409E-B06C-DFEB2FA74776}.Release|x64.ActiveCfg = Release|Any CPU
		{93CEAF73-691F-409E-B06C-DFEB2FA74776}.Release|x64.Build.0 = Release|Any CPU
		{62B5A476-463C-4B79-A712-80C237F6A81A}.Debug|Any CPU.ActiveCfg = Debug|Any CPU
		{62B5A476-463C-4B79-A712-80C237F6A81A}.Debug|Any CPU.Build.0 = Debug|Any CPU
		{62B5A476-463C-4B79-A712-80C237F6A81A}.Debug|x64.ActiveCfg = Debug|Any CPU
		{62B5A476-463C-4B79-A712-80C237F6A81A}.Debug|x64.Build.0 = Debug|Any CPU
		{62B5A476-463C-4B79-A712-80C237F6A81A}.Package|Any CPU.ActiveCfg = Release|Any CPU
		{62B5A476-463C-4B79-A712-80C237F6A81A}.Package|Any CPU.Build.0 = Release|Any CPU
		{62B5A476-463C-4B79-A712-80C237F6A81A}.Package|x64.ActiveCfg = Package|Any CPU
		{62B5A476-463C-4B79-A712-80C237F6A81A}.Package|x64.Build.0 = Package|Any CPU
		{62B5A476-463C-4B79-A712-80C237F6A81A}.Release|Any CPU.ActiveCfg = Release|Any CPU
		{62B5A476-463C-4B79-A712-80C237F6A81A}.Release|Any CPU.Build.0 = Release|Any CPU
		{62B5A476-463C-4B79-A712-80C237F6A81A}.Release|x64.ActiveCfg = Release|Any CPU
		{62B5A476-463C-4B79-A712-80C237F6A81A}.Release|x64.Build.0 = Release|Any CPU
		{BA1B7B7B-D738-4EFE-8FCC-17E89D83E05D}.Debug|Any CPU.ActiveCfg = Debug|Any CPU
		{BA1B7B7B-D738-4EFE-8FCC-17E89D83E05D}.Debug|Any CPU.Build.0 = Debug|Any CPU
		{BA1B7B7B-D738-4EFE-8FCC-17E89D83E05D}.Debug|x64.ActiveCfg = Debug|Any CPU
		{BA1B7B7B-D738-4EFE-8FCC-17E89D83E05D}.Debug|x64.Build.0 = Debug|Any CPU
		{BA1B7B7B-D738-4EFE-8FCC-17E89D83E05D}.Package|Any CPU.ActiveCfg = Release|Any CPU
		{BA1B7B7B-D738-4EFE-8FCC-17E89D83E05D}.Package|Any CPU.Build.0 = Release|Any CPU
		{BA1B7B7B-D738-4EFE-8FCC-17E89D83E05D}.Package|x64.ActiveCfg = Package|Any CPU
		{BA1B7B7B-D738-4EFE-8FCC-17E89D83E05D}.Package|x64.Build.0 = Package|Any CPU
		{BA1B7B7B-D738-4EFE-8FCC-17E89D83E05D}.Release|Any CPU.ActiveCfg = Release|Any CPU
		{BA1B7B7B-D738-4EFE-8FCC-17E89D83E05D}.Release|Any CPU.Build.0 = Release|Any CPU
		{BA1B7B7B-D738-4EFE-8FCC-17E89D83E05D}.Release|x64.ActiveCfg = Release|Any CPU
		{BA1B7B7B-D738-4EFE-8FCC-17E89D83E05D}.Release|x64.Build.0 = Release|Any CPU
		{0BBACDD2-B6BA-4B4D-9908-F5C8C66A644F}.Debug|Any CPU.ActiveCfg = Debug|Any CPU
		{0BBACDD2-B6BA-4B4D-9908-F5C8C66A644F}.Debug|Any CPU.Build.0 = Debug|Any CPU
		{0BBACDD2-B6BA-4B4D-9908-F5C8C66A644F}.Debug|x64.ActiveCfg = Debug|Any CPU
		{0BBACDD2-B6BA-4B4D-9908-F5C8C66A644F}.Debug|x64.Build.0 = Debug|Any CPU
		{0BBACDD2-B6BA-4B4D-9908-F5C8C66A644F}.Package|Any CPU.ActiveCfg = Release|Any CPU
		{0BBACDD2-B6BA-4B4D-9908-F5C8C66A644F}.Package|Any CPU.Build.0 = Release|Any CPU
		{0BBACDD2-B6BA-4B4D-9908-F5C8C66A644F}.Package|x64.ActiveCfg = Release|Any CPU
		{0BBACDD2-B6BA-4B4D-9908-F5C8C66A644F}.Package|x64.Build.0 = Release|Any CPU
		{0BBACDD2-B6BA-4B4D-9908-F5C8C66A644F}.Release|Any CPU.ActiveCfg = Release|Any CPU
		{0BBACDD2-B6BA-4B4D-9908-F5C8C66A644F}.Release|Any CPU.Build.0 = Release|Any CPU
		{0BBACDD2-B6BA-4B4D-9908-F5C8C66A644F}.Release|x64.ActiveCfg = Release|Any CPU
		{0BBACDD2-B6BA-4B4D-9908-F5C8C66A644F}.Release|x64.Build.0 = Release|Any CPU
		{8BE8A1C5-C8E4-43E2-8747-60EF38AC436A}.Debug|Any CPU.ActiveCfg = Debug|Any CPU
		{8BE8A1C5-C8E4-43E2-8747-60EF38AC436A}.Debug|Any CPU.Build.0 = Debug|Any CPU
		{8BE8A1C5-C8E4-43E2-8747-60EF38AC436A}.Debug|x64.ActiveCfg = Debug|Any CPU
		{8BE8A1C5-C8E4-43E2-8747-60EF38AC436A}.Debug|x64.Build.0 = Debug|Any CPU
		{8BE8A1C5-C8E4-43E2-8747-60EF38AC436A}.Package|Any CPU.ActiveCfg = Debug|Any CPU
		{8BE8A1C5-C8E4-43E2-8747-60EF38AC436A}.Package|Any CPU.Build.0 = Debug|Any CPU
		{8BE8A1C5-C8E4-43E2-8747-60EF38AC436A}.Package|x64.ActiveCfg = Debug|Any CPU
		{8BE8A1C5-C8E4-43E2-8747-60EF38AC436A}.Package|x64.Build.0 = Debug|Any CPU
		{8BE8A1C5-C8E4-43E2-8747-60EF38AC436A}.Release|Any CPU.ActiveCfg = Release|Any CPU
		{8BE8A1C5-C8E4-43E2-8747-60EF38AC436A}.Release|Any CPU.Build.0 = Release|Any CPU
		{8BE8A1C5-C8E4-43E2-8747-60EF38AC436A}.Release|x64.ActiveCfg = Release|Any CPU
		{8BE8A1C5-C8E4-43E2-8747-60EF38AC436A}.Release|x64.Build.0 = Release|Any CPU
		{15EEEC49-2FD1-4D87-8E02-2DFB626A72B3}.Debug|Any CPU.ActiveCfg = Debug|Any CPU
		{15EEEC49-2FD1-4D87-8E02-2DFB626A72B3}.Debug|Any CPU.Build.0 = Debug|Any CPU
		{15EEEC49-2FD1-4D87-8E02-2DFB626A72B3}.Debug|x64.ActiveCfg = Debug|Any CPU
		{15EEEC49-2FD1-4D87-8E02-2DFB626A72B3}.Debug|x64.Build.0 = Debug|Any CPU
		{15EEEC49-2FD1-4D87-8E02-2DFB626A72B3}.Package|Any CPU.ActiveCfg = Debug|Any CPU
		{15EEEC49-2FD1-4D87-8E02-2DFB626A72B3}.Package|Any CPU.Build.0 = Debug|Any CPU
		{15EEEC49-2FD1-4D87-8E02-2DFB626A72B3}.Package|x64.ActiveCfg = Debug|Any CPU
		{15EEEC49-2FD1-4D87-8E02-2DFB626A72B3}.Package|x64.Build.0 = Debug|Any CPU
		{15EEEC49-2FD1-4D87-8E02-2DFB626A72B3}.Release|Any CPU.ActiveCfg = Release|Any CPU
		{15EEEC49-2FD1-4D87-8E02-2DFB626A72B3}.Release|Any CPU.Build.0 = Release|Any CPU
		{15EEEC49-2FD1-4D87-8E02-2DFB626A72B3}.Release|x64.ActiveCfg = Release|Any CPU
		{15EEEC49-2FD1-4D87-8E02-2DFB626A72B3}.Release|x64.Build.0 = Release|Any CPU
		{F2E96E1F-67EC-4142-8FA6-407D8AB2BD3B}.Debug|Any CPU.ActiveCfg = Debug|Any CPU
		{F2E96E1F-67EC-4142-8FA6-407D8AB2BD3B}.Debug|Any CPU.Build.0 = Debug|Any CPU
		{F2E96E1F-67EC-4142-8FA6-407D8AB2BD3B}.Debug|x64.ActiveCfg = Debug|Any CPU
		{F2E96E1F-67EC-4142-8FA6-407D8AB2BD3B}.Debug|x64.Build.0 = Debug|Any CPU
		{F2E96E1F-67EC-4142-8FA6-407D8AB2BD3B}.Package|Any CPU.ActiveCfg = Debug|Any CPU
		{F2E96E1F-67EC-4142-8FA6-407D8AB2BD3B}.Package|Any CPU.Build.0 = Debug|Any CPU
		{F2E96E1F-67EC-4142-8FA6-407D8AB2BD3B}.Package|x64.ActiveCfg = Debug|Any CPU
		{F2E96E1F-67EC-4142-8FA6-407D8AB2BD3B}.Package|x64.Build.0 = Debug|Any CPU
		{F2E96E1F-67EC-4142-8FA6-407D8AB2BD3B}.Release|Any CPU.ActiveCfg = Release|Any CPU
		{F2E96E1F-67EC-4142-8FA6-407D8AB2BD3B}.Release|Any CPU.Build.0 = Release|Any CPU
		{F2E96E1F-67EC-4142-8FA6-407D8AB2BD3B}.Release|x64.ActiveCfg = Release|Any CPU
		{F2E96E1F-67EC-4142-8FA6-407D8AB2BD3B}.Release|x64.Build.0 = Release|Any CPU
		{3E7FE0AE-57C5-43F9-A3EF-B0913923A8AF}.Debug|Any CPU.ActiveCfg = Debug|Any CPU
		{3E7FE0AE-57C5-43F9-A3EF-B0913923A8AF}.Debug|Any CPU.Build.0 = Debug|Any CPU
		{3E7FE0AE-57C5-43F9-A3EF-B0913923A8AF}.Debug|x64.ActiveCfg = Debug|Any CPU
		{3E7FE0AE-57C5-43F9-A3EF-B0913923A8AF}.Debug|x64.Build.0 = Debug|Any CPU
		{3E7FE0AE-57C5-43F9-A3EF-B0913923A8AF}.Package|Any CPU.ActiveCfg = Debug|Any CPU
		{3E7FE0AE-57C5-43F9-A3EF-B0913923A8AF}.Package|Any CPU.Build.0 = Debug|Any CPU
		{3E7FE0AE-57C5-43F9-A3EF-B0913923A8AF}.Package|x64.ActiveCfg = Debug|Any CPU
		{3E7FE0AE-57C5-43F9-A3EF-B0913923A8AF}.Package|x64.Build.0 = Debug|Any CPU
		{3E7FE0AE-57C5-43F9-A3EF-B0913923A8AF}.Release|Any CPU.ActiveCfg = Release|Any CPU
		{3E7FE0AE-57C5-43F9-A3EF-B0913923A8AF}.Release|Any CPU.Build.0 = Release|Any CPU
		{3E7FE0AE-57C5-43F9-A3EF-B0913923A8AF}.Release|x64.ActiveCfg = Release|Any CPU
		{3E7FE0AE-57C5-43F9-A3EF-B0913923A8AF}.Release|x64.Build.0 = Release|Any CPU
		{12A774C1-651F-4A85-B490-F5F3F94EB556}.Debug|Any CPU.ActiveCfg = Debug|Any CPU
		{12A774C1-651F-4A85-B490-F5F3F94EB556}.Debug|Any CPU.Build.0 = Debug|Any CPU
		{12A774C1-651F-4A85-B490-F5F3F94EB556}.Debug|x64.ActiveCfg = Debug|Any CPU
		{12A774C1-651F-4A85-B490-F5F3F94EB556}.Debug|x64.Build.0 = Debug|Any CPU
		{12A774C1-651F-4A85-B490-F5F3F94EB556}.Package|Any CPU.ActiveCfg = Debug|Any CPU
		{12A774C1-651F-4A85-B490-F5F3F94EB556}.Package|Any CPU.Build.0 = Debug|Any CPU
		{12A774C1-651F-4A85-B490-F5F3F94EB556}.Package|x64.ActiveCfg = Debug|Any CPU
		{12A774C1-651F-4A85-B490-F5F3F94EB556}.Package|x64.Build.0 = Debug|Any CPU
		{12A774C1-651F-4A85-B490-F5F3F94EB556}.Release|Any CPU.ActiveCfg = Release|Any CPU
		{12A774C1-651F-4A85-B490-F5F3F94EB556}.Release|Any CPU.Build.0 = Release|Any CPU
		{12A774C1-651F-4A85-B490-F5F3F94EB556}.Release|x64.ActiveCfg = Release|Any CPU
		{12A774C1-651F-4A85-B490-F5F3F94EB556}.Release|x64.Build.0 = Release|Any CPU
		{A6BDAC81-71A4-4980-81E1-888EA3F364EE}.Debug|Any CPU.ActiveCfg = Debug|Any CPU
		{A6BDAC81-71A4-4980-81E1-888EA3F364EE}.Debug|Any CPU.Build.0 = Debug|Any CPU
		{A6BDAC81-71A4-4980-81E1-888EA3F364EE}.Debug|x64.ActiveCfg = Debug|Any CPU
		{A6BDAC81-71A4-4980-81E1-888EA3F364EE}.Debug|x64.Build.0 = Debug|Any CPU
		{A6BDAC81-71A4-4980-81E1-888EA3F364EE}.Package|Any CPU.ActiveCfg = Debug|Any CPU
		{A6BDAC81-71A4-4980-81E1-888EA3F364EE}.Package|Any CPU.Build.0 = Debug|Any CPU
		{A6BDAC81-71A4-4980-81E1-888EA3F364EE}.Package|x64.ActiveCfg = Debug|Any CPU
		{A6BDAC81-71A4-4980-81E1-888EA3F364EE}.Package|x64.Build.0 = Debug|Any CPU
		{A6BDAC81-71A4-4980-81E1-888EA3F364EE}.Release|Any CPU.ActiveCfg = Release|Any CPU
		{A6BDAC81-71A4-4980-81E1-888EA3F364EE}.Release|Any CPU.Build.0 = Release|Any CPU
		{A6BDAC81-71A4-4980-81E1-888EA3F364EE}.Release|x64.ActiveCfg = Release|Any CPU
		{A6BDAC81-71A4-4980-81E1-888EA3F364EE}.Release|x64.Build.0 = Release|Any CPU
		{719D041C-05BF-459B-9EEF-33F5D8AB38DA}.Debug|Any CPU.ActiveCfg = Debug|Any CPU
		{719D041C-05BF-459B-9EEF-33F5D8AB38DA}.Debug|Any CPU.Build.0 = Debug|Any CPU
		{719D041C-05BF-459B-9EEF-33F5D8AB38DA}.Debug|x64.ActiveCfg = Debug|Any CPU
		{719D041C-05BF-459B-9EEF-33F5D8AB38DA}.Debug|x64.Build.0 = Debug|Any CPU
		{719D041C-05BF-459B-9EEF-33F5D8AB38DA}.Package|Any CPU.ActiveCfg = Debug|Any CPU
		{719D041C-05BF-459B-9EEF-33F5D8AB38DA}.Package|Any CPU.Build.0 = Debug|Any CPU
		{719D041C-05BF-459B-9EEF-33F5D8AB38DA}.Package|x64.ActiveCfg = Debug|Any CPU
		{719D041C-05BF-459B-9EEF-33F5D8AB38DA}.Package|x64.Build.0 = Debug|Any CPU
		{719D041C-05BF-459B-9EEF-33F5D8AB38DA}.Release|Any CPU.ActiveCfg = Release|Any CPU
		{719D041C-05BF-459B-9EEF-33F5D8AB38DA}.Release|Any CPU.Build.0 = Release|Any CPU
		{719D041C-05BF-459B-9EEF-33F5D8AB38DA}.Release|x64.ActiveCfg = Release|Any CPU
		{719D041C-05BF-459B-9EEF-33F5D8AB38DA}.Release|x64.Build.0 = Release|Any CPU
		{D13D02B7-9E6F-4C23-B2C3-9DD4028AB27F}.Debug|Any CPU.ActiveCfg = Debug|Any CPU
		{D13D02B7-9E6F-4C23-B2C3-9DD4028AB27F}.Debug|Any CPU.Build.0 = Debug|Any CPU
		{D13D02B7-9E6F-4C23-B2C3-9DD4028AB27F}.Debug|x64.ActiveCfg = Debug|Any CPU
		{D13D02B7-9E6F-4C23-B2C3-9DD4028AB27F}.Debug|x64.Build.0 = Debug|Any CPU
		{D13D02B7-9E6F-4C23-B2C3-9DD4028AB27F}.Package|Any CPU.ActiveCfg = Debug|Any CPU
		{D13D02B7-9E6F-4C23-B2C3-9DD4028AB27F}.Package|Any CPU.Build.0 = Debug|Any CPU
		{D13D02B7-9E6F-4C23-B2C3-9DD4028AB27F}.Package|x64.ActiveCfg = Debug|Any CPU
		{D13D02B7-9E6F-4C23-B2C3-9DD4028AB27F}.Package|x64.Build.0 = Debug|Any CPU
		{D13D02B7-9E6F-4C23-B2C3-9DD4028AB27F}.Release|Any CPU.ActiveCfg = Release|Any CPU
		{D13D02B7-9E6F-4C23-B2C3-9DD4028AB27F}.Release|Any CPU.Build.0 = Release|Any CPU
		{D13D02B7-9E6F-4C23-B2C3-9DD4028AB27F}.Release|x64.ActiveCfg = Release|Any CPU
		{D13D02B7-9E6F-4C23-B2C3-9DD4028AB27F}.Release|x64.Build.0 = Release|Any CPU
		{27FA65A5-1EB3-4BA0-A406-1C3C064861DB}.Debug|Any CPU.ActiveCfg = Debug|Any CPU
		{27FA65A5-1EB3-4BA0-A406-1C3C064861DB}.Debug|Any CPU.Build.0 = Debug|Any CPU
		{27FA65A5-1EB3-4BA0-A406-1C3C064861DB}.Debug|x64.ActiveCfg = Debug|Any CPU
		{27FA65A5-1EB3-4BA0-A406-1C3C064861DB}.Debug|x64.Build.0 = Debug|Any CPU
		{27FA65A5-1EB3-4BA0-A406-1C3C064861DB}.Package|Any CPU.ActiveCfg = Debug|Any CPU
		{27FA65A5-1EB3-4BA0-A406-1C3C064861DB}.Package|Any CPU.Build.0 = Debug|Any CPU
		{27FA65A5-1EB3-4BA0-A406-1C3C064861DB}.Package|x64.ActiveCfg = Debug|Any CPU
		{27FA65A5-1EB3-4BA0-A406-1C3C064861DB}.Package|x64.Build.0 = Debug|Any CPU
		{27FA65A5-1EB3-4BA0-A406-1C3C064861DB}.Release|Any CPU.ActiveCfg = Release|Any CPU
		{27FA65A5-1EB3-4BA0-A406-1C3C064861DB}.Release|Any CPU.Build.0 = Release|Any CPU
		{27FA65A5-1EB3-4BA0-A406-1C3C064861DB}.Release|x64.ActiveCfg = Release|Any CPU
		{27FA65A5-1EB3-4BA0-A406-1C3C064861DB}.Release|x64.Build.0 = Release|Any CPU
	EndGlobalSection
	GlobalSection(SolutionProperties) = preSolution
		HideSolutionNode = FALSE
	EndGlobalSection
	GlobalSection(NestedProjects) = preSolution
		{93CEAF73-691F-409E-B06C-DFEB2FA74776} = {5A844C15-C870-4D8F-A08C-DC19687A327C}
		{62B5A476-463C-4B79-A712-80C237F6A81A} = {2C33BEFD-7873-4046-8D05-5D87C5F5CEC6}
		{BA1B7B7B-D738-4EFE-8FCC-17E89D83E05D} = {2C33BEFD-7873-4046-8D05-5D87C5F5CEC6}
		{0BBACDD2-B6BA-4B4D-9908-F5C8C66A644F} = {2C33BEFD-7873-4046-8D05-5D87C5F5CEC6}
		{8BE8A1C5-C8E4-43E2-8747-60EF38AC436A} = {0FB7B40F-8C72-4D90-AD20-1CDBC429AB29}
		{15EEEC49-2FD1-4D87-8E02-2DFB626A72B3} = {0FB7B40F-8C72-4D90-AD20-1CDBC429AB29}
		{F2E96E1F-67EC-4142-8FA6-407D8AB2BD3B} = {0FB7B40F-8C72-4D90-AD20-1CDBC429AB29}
		{3E7FE0AE-57C5-43F9-A3EF-B0913923A8AF} = {0FB7B40F-8C72-4D90-AD20-1CDBC429AB29}
		{12A774C1-651F-4A85-B490-F5F3F94EB556} = {0FB7B40F-8C72-4D90-AD20-1CDBC429AB29}
		{A6BDAC81-71A4-4980-81E1-888EA3F364EE} = {5A844C15-C870-4D8F-A08C-DC19687A327C}
		{719D041C-05BF-459B-9EEF-33F5D8AB38DA} = {0FB7B40F-8C72-4D90-AD20-1CDBC429AB29}
		{D13D02B7-9E6F-4C23-B2C3-9DD4028AB27F} = {0FB7B40F-8C72-4D90-AD20-1CDBC429AB29}
		{27FA65A5-1EB3-4BA0-A406-1C3C064861DB} = {0FB7B40F-8C72-4D90-AD20-1CDBC429AB29}
	EndGlobalSection
	GlobalSection(ExtensibilityGlobals) = postSolution
		SolutionGuid = {AEB5448C-8744-4BB1-B425-DA558A8D0962}
	EndGlobalSection
EndGlobal
